// !$*UTF8*$!
{
	archiveVersion = 1;
	classes = {
	};
	objectVersion = 50;
	objects = {

/* Begin PBXBuildFile section */
		688ED03B26DF6C7F008C4048 /* h4ck3r_n3w5App.swift in Sources */ = {isa = PBXBuildFile; fileRef = 688ED03A26DF6C7F008C4048 /* h4ck3r_n3w5App.swift */; };
		688ED03D26DF6C7F008C4048 /* ContentView.swift in Sources */ = {isa = PBXBuildFile; fileRef = 688ED03C26DF6C7F008C4048 /* ContentView.swift */; };
		688ED03F26DF6C80008C4048 /* Assets.xcassets in Resources */ = {isa = PBXBuildFile; fileRef = 688ED03E26DF6C80008C4048 /* Assets.xcassets */; };
		688ED04226DF6C80008C4048 /* Preview Assets.xcassets in Resources */ = {isa = PBXBuildFile; fileRef = 688ED04126DF6C80008C4048 /* Preview Assets.xcassets */; };
		688ED04B26DF7289008C4048 /* NetworkManager.swift in Sources */ = {isa = PBXBuildFile; fileRef = 688ED04A26DF7289008C4048 /* NetworkManager.swift */; };
		688ED04D26DF73CD008C4048 /* PostData.swift in Sources */ = {isa = PBXBuildFile; fileRef = 688ED04C26DF73CD008C4048 /* PostData.swift */; };
/* End PBXBuildFile section */

/* Begin PBXFileReference section */
		688ED03726DF6C7F008C4048 /* h4ck3r_n3w5.app */ = {isa = PBXFileReference; explicitFileType = wrapper.application; includeInIndex = 0; path = h4ck3r_n3w5.app; sourceTree = BUILT_PRODUCTS_DIR; };
		688ED03A26DF6C7F008C4048 /* h4ck3r_n3w5App.swift */ = {isa = PBXFileReference; lastKnownFileType = sourcecode.swift; path = h4ck3r_n3w5App.swift; sourceTree = "<group>"; };
		688ED03C26DF6C7F008C4048 /* ContentView.swift */ = {isa = PBXFileReference; lastKnownFileType = sourcecode.swift; path = ContentView.swift; sourceTree = "<group>"; };
		688ED03E26DF6C80008C4048 /* Assets.xcassets */ = {isa = PBXFileReference; lastKnownFileType = folder.assetcatalog; path = Assets.xcassets; sourceTree = "<group>"; };
		688ED04126DF6C80008C4048 /* Preview Assets.xcassets */ = {isa = PBXFileReference; lastKnownFileType = folder.assetcatalog; path = "Preview Assets.xcassets"; sourceTree = "<group>"; };
		688ED04326DF6C80008C4048 /* Info.plist */ = {isa = PBXFileReference; lastKnownFileType = text.plist.xml; path = Info.plist; sourceTree = "<group>"; };
		688ED04A26DF7289008C4048 /* NetworkManager.swift */ = {isa = PBXFileReference; lastKnownFileType = sourcecode.swift; path = NetworkManager.swift; sourceTree = "<group>"; };
		688ED04C26DF73CD008C4048 /* PostData.swift */ = {isa = PBXFileReference; lastKnownFileType = sourcecode.swift; path = PostData.swift; sourceTree = "<group>"; };
/* End PBXFileReference section */

/* Begin PBXFrameworksBuildPhase section */
		688ED03426DF6C7F008C4048 /* Frameworks */ = {
			isa = PBXFrameworksBuildPhase;
			buildActionMask = 2147483647;
			files = (
			);
			runOnlyForDeploymentPostprocessing = 0;
		};
/* End PBXFrameworksBuildPhase section */

/* Begin PBXGroup section */
		688ED02E26DF6C7F008C4048 = {
			isa = PBXGroup;
			children = (
				688ED03926DF6C7F008C4048 /* h4ck3r_n3w5 */,
				688ED03826DF6C7F008C4048 /* Products */,
			);
			sourceTree = "<group>";
		};
		688ED03826DF6C7F008C4048 /* Products */ = {
			isa = PBXGroup;
			children = (
				688ED03726DF6C7F008C4048 /* h4ck3r_n3w5.app */,
			);
			name = Products;
			sourceTree = "<group>";
		};
		688ED03926DF6C7F008C4048 /* h4ck3r_n3w5 */ = {
			isa = PBXGroup;
			children = (
				688ED04926DF7273008C4048 /* Models */,
				688ED03A26DF6C7F008C4048 /* h4ck3r_n3w5App.swift */,
				688ED03C26DF6C7F008C4048 /* ContentView.swift */,
				688ED03E26DF6C80008C4048 /* Assets.xcassets */,
				688ED04326DF6C80008C4048 /* Info.plist */,
				688ED04026DF6C80008C4048 /* Preview Content */,
			);
			path = h4ck3r_n3w5;
			sourceTree = "<group>";
		};
		688ED04026DF6C80008C4048 /* Preview Content */ = {
			isa = PBXGroup;
			children = (
				688ED04126DF6C80008C4048 /* Preview Assets.xcassets */,
			);
			path = "Preview Content";
			sourceTree = "<group>";
		};
		688ED04926DF7273008C4048 /* Models */ = {
			isa = PBXGroup;
			children = (
				688ED04A26DF7289008C4048 /* NetworkManager.swift */,
				688ED04C26DF73CD008C4048 /* PostData.swift */,
			);
			path = Models;
			sourceTree = "<group>";
		};
/* End PBXGroup section */

/* Begin PBXNativeTarget section */
		688ED03626DF6C7F008C4048 /* h4ck3r_n3w5 */ = {
			isa = PBXNativeTarget;
			buildConfigurationList = 688ED04626DF6C80008C4048 /* Build configuration list for PBXNativeTarget "h4ck3r_n3w5" */;
			buildPhases = (
				688ED03326DF6C7F008C4048 /* Sources */,
				688ED03426DF6C7F008C4048 /* Frameworks */,
				688ED03526DF6C7F008C4048 /* Resources */,
			);
			buildRules = (
			);
			dependencies = (
			);
			name = h4ck3r_n3w5;
			productName = h4ck3r_n3w5;
			productReference = 688ED03726DF6C7F008C4048 /* h4ck3r_n3w5.app */;
			productType = "com.apple.product-type.application";
		};
/* End PBXNativeTarget section */

/* Begin PBXProject section */
		688ED02F26DF6C7F008C4048 /* Project object */ = {
			isa = PBXProject;
			attributes = {
				LastSwiftUpdateCheck = 1250;
				LastUpgradeCheck = 1250;
				TargetAttributes = {
					688ED03626DF6C7F008C4048 = {
						CreatedOnToolsVersion = 12.5.1;
					};
				};
			};
			buildConfigurationList = 688ED03226DF6C7F008C4048 /* Build configuration list for PBXProject "h4ck3r_n3w5" */;
			compatibilityVersion = "Xcode 9.3";
			developmentRegion = en;
			hasScannedForEncodings = 0;
			knownRegions = (
				en,
				Base,
			);
			mainGroup = 688ED02E26DF6C7F008C4048;
			productRefGroup = 688ED03826DF6C7F008C4048 /* Products */;
			projectDirPath = "";
			projectRoot = "";
			targets = (
				688ED03626DF6C7F008C4048 /* h4ck3r_n3w5 */,
			);
		};
/* End PBXProject section */

/* Begin PBXResourcesBuildPhase section */
		688ED03526DF6C7F008C4048 /* Resources */ = {
			isa = PBXResourcesBuildPhase;
			buildActionMask = 2147483647;
			files = (
				688ED04226DF6C80008C4048 /* Preview Assets.xcassets in Resources */,
				688ED03F26DF6C80008C4048 /* Assets.xcassets in Resources */,
			);
			runOnlyForDeploymentPostprocessing = 0;
		};
/* End PBXResourcesBuildPhase section */

/* Begin PBXSourcesBuildPhase section */
		688ED03326DF6C7F008C4048 /* Sources */ = {
			isa = PBXSourcesBuildPhase;
			buildActionMask = 2147483647;
			files = (
				688ED04B26DF7289008C4048 /* NetworkManager.swift in Sources */,
				688ED04D26DF73CD008C4048 /* PostData.swift in Sources */,
				688ED03D26DF6C7F008C4048 /* ContentView.swift in Sources */,
				688ED03B26DF6C7F008C4048 /* h4ck3r_n3w5App.swift in Sources */,
			);
			runOnlyForDeploymentPostprocessing = 0;
		};
/* End PBXSourcesBuildPhase section */

/* Begin XCBuildConfiguration section */
		688ED04426DF6C80008C4048 /* Debug */ = {
			isa = XCBuildConfiguration;
			buildSettings = {
				ALWAYS_SEARCH_USER_PATHS = NO;
				CLANG_ANALYZER_NONNULL = YES;
				CLANG_ANALYZER_NUMBER_OBJECT_CONVERSION = YES_AGGRESSIVE;
				CLANG_CXX_LANGUAGE_STANDARD = "gnu++14";
				CLANG_CXX_LIBRARY = "libc++";
				CLANG_ENABLE_MODULES = YES;
				CLANG_ENABLE_OBJC_ARC = YES;
				CLANG_ENABLE_OBJC_WEAK = YES;
				CLANG_WARN_BLOCK_CAPTURE_AUTORELEASING = YES;
				CLANG_WARN_BOOL_CONVERSION = YES;
				CLANG_WARN_COMMA = YES;
				CLANG_WARN_CONSTANT_CONVERSION = YES;
				CLANG_WARN_DEPRECATED_OBJC_IMPLEMENTATIONS = YES;
				CLANG_WARN_DIRECT_OBJC_ISA_USAGE = YES_ERROR;
				CLANG_WARN_DOCUMENTATION_COMMENTS = YES;
				CLANG_WARN_EMPTY_BODY = YES;
				CLANG_WARN_ENUM_CONVERSION = YES;
				CLANG_WARN_INFINITE_RECURSION = YES;
				CLANG_WARN_INT_CONVERSION = YES;
				CLANG_WARN_NON_LITERAL_NULL_CONVERSION = YES;
				CLANG_WARN_OBJC_IMPLICIT_RETAIN_SELF = YES;
				CLANG_WARN_OBJC_LITERAL_CONVERSION = YES;
				CLANG_WARN_OBJC_ROOT_CLASS = YES_ERROR;
				CLANG_WARN_QUOTED_INCLUDE_IN_FRAMEWORK_HEADER = YES;
				CLANG_WARN_RANGE_LOOP_ANALYSIS = YES;
				CLANG_WARN_STRICT_PROTOTYPES = YES;
				CLANG_WARN_SUSPICIOUS_MOVE = YES;
				CLANG_WARN_UNGUARDED_AVAILABILITY = YES_AGGRESSIVE;
				CLANG_WARN_UNREACHABLE_CODE = YES;
				CLANG_WARN__DUPLICATE_METHOD_MATCH = YES;
				COPY_PHASE_STRIP = NO;
				DEBUG_INFORMATION_FORMAT = dwarf;
				ENABLE_STRICT_OBJC_MSGSEND = YES;
				ENABLE_TESTABILITY = YES;
				GCC_C_LANGUAGE_STANDARD = gnu11;
				GCC_DYNAMIC_NO_PIC = NO;
				GCC_NO_COMMON_BLOCKS = YES;
				GCC_OPTIMIZATION_LEVEL = 0;
				GCC_PREPROCESSOR_DEFINITIONS = (
					"DEBUG=1",
					"$(inherited)",
				);
				GCC_WARN_64_TO_32_BIT_CONVERSION = YES;
				GCC_WARN_ABOUT_RETURN_TYPE = YES_ERROR;
				GCC_WARN_UNDECLARED_SELECTOR = YES;
				GCC_WARN_UNINITIALIZED_AUTOS = YES_AGGRESSIVE;
				GCC_WARN_UNUSED_FUNCTION = YES;
				GCC_WARN_UNUSED_VARIABLE = YES;
				IPHONEOS_DEPLOYMENT_TARGET = 14.5;
				MTL_ENABLE_DEBUG_INFO = INCLUDE_SOURCE;
				MTL_FAST_MATH = YES;
				ONLY_ACTIVE_ARCH = YES;
				SDKROOT = iphoneos;
				SWIFT_ACTIVE_COMPILATION_CONDITIONS = DEBUG;
				SWIFT_OPTIMIZATION_LEVEL = "-Onone";
			};
			name = Debug;
		};
		688ED04526DF6C80008C4048 /* Release */ = {
			isa = XCBuildConfiguration;
			buildSettings = {
				ALWAYS_SEARCH_USER_PATHS = NO;
				CLANG_ANALYZER_NONNULL = YES;
				CLANG_ANALYZER_NUMBER_OBJECT_CONVERSION = YES_AGGRESSIVE;
				CLANG_CXX_LANGUAGE_STANDARD = "gnu++14";
				CLANG_CXX_LIBRARY = "libc++";
				CLANG_ENABLE_MODULES = YES;
				CLANG_ENABLE_OBJC_ARC = YES;
				CLANG_ENABLE_OBJC_WEAK = YES;
				CLANG_WARN_BLOCK_CAPTURE_AUTORELEASING = YES;
				CLANG_WARN_BOOL_CONVERSION = YES;
				CLANG_WARN_COMMA = YES;
				CLANG_WARN_CONSTANT_CONVERSION = YES;
				CLANG_WARN_DEPRECATED_OBJC_IMPLEMENTATIONS = YES;
				CLANG_WARN_DIRECT_OBJC_ISA_USAGE = YES_ERROR;
				CLANG_WARN_DOCUMENTATION_COMMENTS = YES;
				CLANG_WARN_EMPTY_BODY = YES;
				CLANG_WARN_ENUM_CONVERSION = YES;
				CLANG_WARN_INFINITE_RECURSION = YES;
				CLANG_WARN_INT_CONVERSION = YES;
				CLANG_WARN_NON_LITERAL_NULL_CONVERSION = YES;
				CLANG_WARN_OBJC_IMPLICIT_RETAIN_SELF = YES;
				CLANG_WARN_OBJC_LITERAL_CONVERSION = YES;
				CLANG_WARN_OBJC_ROOT_CLASS = YES_ERROR;
				CLANG_WARN_QUOTED_INCLUDE_IN_FRAMEWORK_HEADER = YES;
				CLANG_WARN_RANGE_LOOP_ANALYSIS = YES;
				CLANG_WARN_STRICT_PROTOTYPES = YES;
				CLANG_WARN_SUSPICIOUS_MOVE = YES;
				CLANG_WARN_UNGUARDED_AVAILABILITY = YES_AGGRESSIVE;
				CLANG_WARN_UNREACHABLE_CODE = YES;
				CLANG_WARN__DUPLICATE_METHOD_MATCH = YES;
				COPY_PHASE_STRIP = NO;
				DEBUG_INFORMATION_FORMAT = "dwarf-with-dsym";
				ENABLE_NS_ASSERTIONS = NO;
				ENABLE_STRICT_OBJC_MSGSEND = YES;
				GCC_C_LANGUAGE_STANDARD = gnu11;
				GCC_NO_COMMON_BLOCKS = YES;
				GCC_WARN_64_TO_32_BIT_CONVERSION = YES;
				GCC_WARN_ABOUT_RETURN_TYPE = YES_ERROR;
				GCC_WARN_UNDECLARED_SELECTOR = YES;
				GCC_WARN_UNINITIALIZED_AUTOS = YES_AGGRESSIVE;
				GCC_WARN_UNUSED_FUNCTION = YES;
				GCC_WARN_UNUSED_VARIABLE = YES;
				IPHONEOS_DEPLOYMENT_TARGET = 14.5;
				MTL_ENABLE_DEBUG_INFO = NO;
				MTL_FAST_MATH = YES;
				SDKROOT = iphoneos;
				SWIFT_COMPILATION_MODE = wholemodule;
				SWIFT_OPTIMIZATION_LEVEL = "-O";
				VALIDATE_PRODUCT = YES;
			};
			name = Release;
		};
		688ED04726DF6C80008C4048 /* Debug */ = {
			isa = XCBuildConfiguration;
			buildSettings = {
				ASSETCATALOG_COMPILER_APPICON_NAME = AppIcon;
				ASSETCATALOG_COMPILER_GLOBAL_ACCENT_COLOR_NAME = AccentColor;
				CODE_SIGN_STYLE = Automatic;
				DEVELOPMENT_ASSET_PATHS = "\"h4ck3r_n3w5/Preview Content\"";
				DEVELOPMENT_TEAM = P4BK8322VD;
				ENABLE_PREVIEWS = YES;
				INFOPLIST_FILE = h4ck3r_n3w5/Info.plist;
				IPHONEOS_DEPLOYMENT_TARGET = 14.0;
				LD_RUNPATH_SEARCH_PATHS = (
					"$(inherited)",
					"@executable_path/Frameworks",
				);
				PRODUCT_BUNDLE_IDENTIFIER = "pl.cwiertnia.h4ck3r-n3w5";
				PRODUCT_NAME = "$(TARGET_NAME)";
				SWIFT_VERSION = 5.0;
				TARGETED_DEVICE_FAMILY = "1,2";
			};
			name = Debug;
		};
		688ED04826DF6C80008C4048 /* Release */ = {
			isa = XCBuildConfiguration;
			buildSettings = {
				ASSETCATALOG_COMPILER_APPICON_NAME = AppIcon;
				ASSETCATALOG_COMPILER_GLOBAL_ACCENT_COLOR_NAME = AccentColor;
				CODE_SIGN_STYLE = Automatic;
				DEVELOPMENT_ASSET_PATHS = "\"h4ck3r_n3w5/Preview Content\"";
				DEVELOPMENT_TEAM = P4BK8322VD;
				ENABLE_PREVIEWS = YES;
				INFOPLIST_FILE = h4ck3r_n3w5/Info.plist;
				IPHONEOS_DEPLOYMENT_TARGET = 14.0;
				LD_RUNPATH_SEARCH_PATHS = (
					"$(inherited)",
					"@executable_path/Frameworks",
				);
				PRODUCT_BUNDLE_IDENTIFIER = "pl.cwiertnia.h4ck3r-n3w5";
				PRODUCT_NAME = "$(TARGET_NAME)";
				SWIFT_VERSION = 5.0;
				TARGETED_DEVICE_FAMILY = "1,2";
			};
			name = Release;
		};
/* End XCBuildConfiguration section */

/* Begin XCConfigurationList section */
		688ED03226DF6C7F008C4048 /* Build configuration list for PBXProject "h4ck3r_n3w5" */ = {
			isa = XCConfigurationList;
			buildConfigurations = (
				688ED04426DF6C80008C4048 /* Debug */,
				688ED04526DF6C80008C4048 /* Release */,
			);
			defaultConfigurationIsVisible = 0;
			defaultConfigurationName = Release;
		};
		688ED04626DF6C80008C4048 /* Build configuration list for PBXNativeTarget "h4ck3r_n3w5" */ = {
			isa = XCConfigurationList;
			buildConfigurations = (
				688ED04726DF6C80008C4048 /* Debug */,
				688ED04826DF6C80008C4048 /* Release */,
			);
			defaultConfigurationIsVisible = 0;
			defaultConfigurationName = Release;
		};
/* End XCConfigurationList section */
	};
	rootObject = 688ED02F26DF6C7F008C4048 /* Project object */;
}
